// !$*UTF8*$!
{
	archiveVersion = 1;
	classes = {
	};
	objectVersion = 50;
	objects = {

/* Begin PBXBuildFile section */
		C74133B725E7DB3300F46132 /* JSQCoreDataKit.h in Headers */ = {isa = PBXBuildFile; fileRef = C74133B525E7DB3300F46132 /* JSQCoreDataKit.h */; settings = {ATTRIBUTES = (Public, ); }; };
		C74133BA25E7DB3300F46132 /* JSQCoreDataKit.framework in Frameworks */ = {isa = PBXBuildFile; fileRef = C74133B325E7DB3300F46132 /* JSQCoreDataKit.framework */; };
		C74133BB25E7DB3300F46132 /* JSQCoreDataKit.framework in Embed Frameworks */ = {isa = PBXBuildFile; fileRef = C74133B325E7DB3300F46132 /* JSQCoreDataKit.framework */; settings = {ATTRIBUTES = (CodeSignOnCopy, RemoveHeadersOnCopy, ); }; };
		C74133CA25E7DB4A00F46132 /* Migrate.swift in Sources */ = {isa = PBXBuildFile; fileRef = C74133C325E7DB4A00F46132 /* Migrate.swift */; };
		C74133CB25E7DB4A00F46132 /* CoreDataStack.swift in Sources */ = {isa = PBXBuildFile; fileRef = C74133C425E7DB4A00F46132 /* CoreDataStack.swift */; };
		C74133CC25E7DB4A00F46132 /* CoreDataModel.swift in Sources */ = {isa = PBXBuildFile; fileRef = C74133C525E7DB4A00F46132 /* CoreDataModel.swift */; };
		C74133CD25E7DB4A00F46132 /* CoreDataStackProvider.swift in Sources */ = {isa = PBXBuildFile; fileRef = C74133C625E7DB4A00F46132 /* CoreDataStackProvider.swift */; };
		C74133CE25E7DB4A00F46132 /* StoreType.swift in Sources */ = {isa = PBXBuildFile; fileRef = C74133C725E7DB4A00F46132 /* StoreType.swift */; };
		C74133CF25E7DB4A00F46132 /* NSManagedObjectContext+Extensions.swift in Sources */ = {isa = PBXBuildFile; fileRef = C74133C825E7DB4A00F46132 /* NSManagedObjectContext+Extensions.swift */; };
		C74133D025E7DB4A00F46132 /* CoreDataEntityProtocol.swift in Sources */ = {isa = PBXBuildFile; fileRef = C74133C925E7DB4A00F46132 /* CoreDataEntityProtocol.swift */; };
		C74133DD25E7DB6300F46132 /* Repeat.h in Headers */ = {isa = PBXBuildFile; fileRef = C74133DB25E7DB6300F46132 /* Repeat.h */; settings = {ATTRIBUTES = (Public, ); }; };
		C74133E025E7DB6300F46132 /* Repeat.framework in Frameworks */ = {isa = PBXBuildFile; fileRef = C74133D925E7DB6300F46132 /* Repeat.framework */; };
		C74133E125E7DB6300F46132 /* Repeat.framework in Embed Frameworks */ = {isa = PBXBuildFile; fileRef = C74133D925E7DB6300F46132 /* Repeat.framework */; settings = {ATTRIBUTES = (CodeSignOnCopy, RemoveHeadersOnCopy, ); }; };
		C74133EC25E7DB7500F46132 /* Repeater.swift in Sources */ = {isa = PBXBuildFile; fileRef = C74133E925E7DB7500F46132 /* Repeater.swift */; };
		C74133ED25E7DB7500F46132 /* Throttler.swift in Sources */ = {isa = PBXBuildFile; fileRef = C74133EA25E7DB7500F46132 /* Throttler.swift */; };
		C74133EE25E7DB7500F46132 /* Debouncer.swift in Sources */ = {isa = PBXBuildFile; fileRef = C74133EB25E7DB7500F46132 /* Debouncer.swift */; };
		C74133FC25E7DB8600F46132 /* Async.h in Headers */ = {isa = PBXBuildFile; fileRef = C74133FA25E7DB8600F46132 /* Async.h */; settings = {ATTRIBUTES = (Public, ); }; };
		C74133FF25E7DB8600F46132 /* Async.framework in Frameworks */ = {isa = PBXBuildFile; fileRef = C74133F825E7DB8600F46132 /* Async.framework */; };
		C741340025E7DB8600F46132 /* Async.framework in Embed Frameworks */ = {isa = PBXBuildFile; fileRef = C74133F825E7DB8600F46132 /* Async.framework */; settings = {ATTRIBUTES = (CodeSignOnCopy, RemoveHeadersOnCopy, ); }; };
		C741340A25E7DB9100F46132 /* Async.swift in Sources */ = {isa = PBXBuildFile; fileRef = C741340925E7DB9100F46132 /* Async.swift */; };
		C741341825E7DBDC00F46132 /* String+Ext.swift in Sources */ = {isa = PBXBuildFile; fileRef = C741341125E7DBDC00F46132 /* String+Ext.swift */; };
		C741341925E7DBDC00F46132 /* Date+Ext.swift in Sources */ = {isa = PBXBuildFile; fileRef = C741341225E7DBDC00F46132 /* Date+Ext.swift */; };
		C741341A25E7DBDC00F46132 /* UITableView+Ext.swift in Sources */ = {isa = PBXBuildFile; fileRef = C741341325E7DBDC00F46132 /* UITableView+Ext.swift */; };
		C741341B25E7DBDC00F46132 /* TimeInterval+Ext.swift in Sources */ = {isa = PBXBuildFile; fileRef = C741341425E7DBDC00F46132 /* TimeInterval+Ext.swift */; };
		C741341C25E7DBDC00F46132 /* UIStoryboard+Ext.swift in Sources */ = {isa = PBXBuildFile; fileRef = C741341525E7DBDC00F46132 /* UIStoryboard+Ext.swift */; };
		C741341D25E7DBDC00F46132 /* NSObject+Ext.swift in Sources */ = {isa = PBXBuildFile; fileRef = C741341625E7DBDC00F46132 /* NSObject+Ext.swift */; };
		C741341E25E7DBDC00F46132 /* Data+Ext.swift in Sources */ = {isa = PBXBuildFile; fileRef = C741341725E7DBDC00F46132 /* Data+Ext.swift */; };
		C741342625E7DBF900F46132 /* BaseController.swift in Sources */ = {isa = PBXBuildFile; fileRef = C741342525E7DBF900F46132 /* BaseController.swift */; };
		C741343325E7DCA800F46132 /* EndpointData.swift in Sources */ = {isa = PBXBuildFile; fileRef = C741343225E7DCA800F46132 /* EndpointData.swift */; };
		C741343F25E7DCF700F46132 /* Endpoint.swift in Sources */ = {isa = PBXBuildFile; fileRef = C741343E25E7DCF700F46132 /* Endpoint.swift */; };
		C741344725E7DD5300F46132 /* APIService.swift in Sources */ = {isa = PBXBuildFile; fileRef = C741344625E7DD5300F46132 /* APIService.swift */; };
		C741345325E7DD6F00F46132 /* CDManage.swift in Sources */ = {isa = PBXBuildFile; fileRef = C741345225E7DD6F00F46132 /* CDManage.swift */; };
		C741345B25E7DD9C00F46132 /* Logger.swift in Sources */ = {isa = PBXBuildFile; fileRef = C741345A25E7DD9C00F46132 /* Logger.swift */; };
		C741346225E7DDC000F46132 /* ModuleInfo.swift in Sources */ = {isa = PBXBuildFile; fileRef = C741346125E7DDC000F46132 /* ModuleInfo.swift */; };
		C7E639F925E7D8D800797CA7 /* AppDelegate.swift in Sources */ = {isa = PBXBuildFile; fileRef = C7E639F825E7D8D800797CA7 /* AppDelegate.swift */; };
		C7E639FB25E7D8D800797CA7 /* SceneDelegate.swift in Sources */ = {isa = PBXBuildFile; fileRef = C7E639FA25E7D8D800797CA7 /* SceneDelegate.swift */; };
		C7E639FD25E7D8D800797CA7 /* ViewController.swift in Sources */ = {isa = PBXBuildFile; fileRef = C7E639FC25E7D8D800797CA7 /* ViewController.swift */; };
		C7E63A0025E7D8D800797CA7 /* Main.storyboard in Resources */ = {isa = PBXBuildFile; fileRef = C7E639FE25E7D8D800797CA7 /* Main.storyboard */; };
		C7E63A0325E7D8D800797CA7 /* APIEndpoint.xcdatamodeld in Sources */ = {isa = PBXBuildFile; fileRef = C7E63A0125E7D8D800797CA7 /* APIEndpoint.xcdatamodeld */; };
		C7E63A0525E7D8D900797CA7 /* Assets.xcassets in Resources */ = {isa = PBXBuildFile; fileRef = C7E63A0425E7D8D900797CA7 /* Assets.xcassets */; };
		C7E63A0825E7D8D900797CA7 /* LaunchScreen.storyboard in Resources */ = {isa = PBXBuildFile; fileRef = C7E63A0625E7D8D900797CA7 /* LaunchScreen.storyboard */; };
		C7E63A1325E7D8D900797CA7 /* APIEndpointTests.swift in Sources */ = {isa = PBXBuildFile; fileRef = C7E63A1225E7D8D900797CA7 /* APIEndpointTests.swift */; };
		C7E63A1E25E7D8D900797CA7 /* APIEndpointUITests.swift in Sources */ = {isa = PBXBuildFile; fileRef = C7E63A1D25E7D8D900797CA7 /* APIEndpointUITests.swift */; };
/* End PBXBuildFile section */

/* Begin PBXContainerItemProxy section */
		C74133B825E7DB3300F46132 /* PBXContainerItemProxy */ = {
			isa = PBXContainerItemProxy;
			containerPortal = C7E639ED25E7D8D800797CA7 /* Project object */;
			proxyType = 1;
			remoteGlobalIDString = C74133B225E7DB3300F46132;
			remoteInfo = JSQCoreDataKit;
		};
		C74133DE25E7DB6300F46132 /* PBXContainerItemProxy */ = {
			isa = PBXContainerItemProxy;
			containerPortal = C7E639ED25E7D8D800797CA7 /* Project object */;
			proxyType = 1;
			remoteGlobalIDString = C74133D825E7DB6300F46132;
			remoteInfo = Repeat;
		};
		C74133FD25E7DB8600F46132 /* PBXContainerItemProxy */ = {
			isa = PBXContainerItemProxy;
			containerPortal = C7E639ED25E7D8D800797CA7 /* Project object */;
			proxyType = 1;
			remoteGlobalIDString = C74133F725E7DB8600F46132;
			remoteInfo = Async;
		};
		C7E63A0F25E7D8D900797CA7 /* PBXContainerItemProxy */ = {
			isa = PBXContainerItemProxy;
			containerPortal = C7E639ED25E7D8D800797CA7 /* Project object */;
			proxyType = 1;
			remoteGlobalIDString = C7E639F425E7D8D800797CA7;
			remoteInfo = APIEndpoint;
		};
		C7E63A1A25E7D8D900797CA7 /* PBXContainerItemProxy */ = {
			isa = PBXContainerItemProxy;
			containerPortal = C7E639ED25E7D8D800797CA7 /* Project object */;
			proxyType = 1;
			remoteGlobalIDString = C7E639F425E7D8D800797CA7;
			remoteInfo = APIEndpoint;
		};
/* End PBXContainerItemProxy section */

/* Begin PBXCopyFilesBuildPhase section */
		C74133BC25E7DB3300F46132 /* Embed Frameworks */ = {
			isa = PBXCopyFilesBuildPhase;
			buildActionMask = 2147483647;
			dstPath = "";
			dstSubfolderSpec = 10;
			files = (
				C74133BB25E7DB3300F46132 /* JSQCoreDataKit.framework in Embed Frameworks */,
				C74133E125E7DB6300F46132 /* Repeat.framework in Embed Frameworks */,
				C741340025E7DB8600F46132 /* Async.framework in Embed Frameworks */,
			);
			name = "Embed Frameworks";
			runOnlyForDeploymentPostprocessing = 0;
		};
/* End PBXCopyFilesBuildPhase section */

/* Begin PBXFileReference section */
		C74133B325E7DB3300F46132 /* JSQCoreDataKit.framework */ = {isa = PBXFileReference; explicitFileType = wrapper.framework; includeInIndex = 0; path = JSQCoreDataKit.framework; sourceTree = BUILT_PRODUCTS_DIR; };
		C74133B525E7DB3300F46132 /* JSQCoreDataKit.h */ = {isa = PBXFileReference; lastKnownFileType = sourcecode.c.h; path = JSQCoreDataKit.h; sourceTree = "<group>"; };
		C74133B625E7DB3300F46132 /* Info.plist */ = {isa = PBXFileReference; lastKnownFileType = text.plist.xml; path = Info.plist; sourceTree = "<group>"; };
		C74133C325E7DB4A00F46132 /* Migrate.swift */ = {isa = PBXFileReference; fileEncoding = 4; lastKnownFileType = sourcecode.swift; path = Migrate.swift; sourceTree = "<group>"; };
		C74133C425E7DB4A00F46132 /* CoreDataStack.swift */ = {isa = PBXFileReference; fileEncoding = 4; lastKnownFileType = sourcecode.swift; path = CoreDataStack.swift; sourceTree = "<group>"; };
		C74133C525E7DB4A00F46132 /* CoreDataModel.swift */ = {isa = PBXFileReference; fileEncoding = 4; lastKnownFileType = sourcecode.swift; path = CoreDataModel.swift; sourceTree = "<group>"; };
		C74133C625E7DB4A00F46132 /* CoreDataStackProvider.swift */ = {isa = PBXFileReference; fileEncoding = 4; lastKnownFileType = sourcecode.swift; path = CoreDataStackProvider.swift; sourceTree = "<group>"; };
		C74133C725E7DB4A00F46132 /* StoreType.swift */ = {isa = PBXFileReference; fileEncoding = 4; lastKnownFileType = sourcecode.swift; path = StoreType.swift; sourceTree = "<group>"; };
		C74133C825E7DB4A00F46132 /* NSManagedObjectContext+Extensions.swift */ = {isa = PBXFileReference; fileEncoding = 4; lastKnownFileType = sourcecode.swift; path = "NSManagedObjectContext+Extensions.swift"; sourceTree = "<group>"; };
		C74133C925E7DB4A00F46132 /* CoreDataEntityProtocol.swift */ = {isa = PBXFileReference; fileEncoding = 4; lastKnownFileType = sourcecode.swift; path = CoreDataEntityProtocol.swift; sourceTree = "<group>"; };
		C74133D925E7DB6300F46132 /* Repeat.framework */ = {isa = PBXFileReference; explicitFileType = wrapper.framework; includeInIndex = 0; path = Repeat.framework; sourceTree = BUILT_PRODUCTS_DIR; };
		C74133DB25E7DB6300F46132 /* Repeat.h */ = {isa = PBXFileReference; lastKnownFileType = sourcecode.c.h; path = Repeat.h; sourceTree = "<group>"; };
		C74133DC25E7DB6300F46132 /* Info.plist */ = {isa = PBXFileReference; lastKnownFileType = text.plist.xml; path = Info.plist; sourceTree = "<group>"; };
		C74133E925E7DB7500F46132 /* Repeater.swift */ = {isa = PBXFileReference; fileEncoding = 4; lastKnownFileType = sourcecode.swift; path = Repeater.swift; sourceTree = "<group>"; };
		C74133EA25E7DB7500F46132 /* Throttler.swift */ = {isa = PBXFileReference; fileEncoding = 4; lastKnownFileType = sourcecode.swift; path = Throttler.swift; sourceTree = "<group>"; };
		C74133EB25E7DB7500F46132 /* Debouncer.swift */ = {isa = PBXFileReference; fileEncoding = 4; lastKnownFileType = sourcecode.swift; path = Debouncer.swift; sourceTree = "<group>"; };
		C74133F825E7DB8600F46132 /* Async.framework */ = {isa = PBXFileReference; explicitFileType = wrapper.framework; includeInIndex = 0; path = Async.framework; sourceTree = BUILT_PRODUCTS_DIR; };
		C74133FA25E7DB8600F46132 /* Async.h */ = {isa = PBXFileReference; lastKnownFileType = sourcecode.c.h; path = Async.h; sourceTree = "<group>"; };
		C74133FB25E7DB8600F46132 /* Info.plist */ = {isa = PBXFileReference; lastKnownFileType = text.plist.xml; path = Info.plist; sourceTree = "<group>"; };
		C741340925E7DB9100F46132 /* Async.swift */ = {isa = PBXFileReference; fileEncoding = 4; lastKnownFileType = sourcecode.swift; path = Async.swift; sourceTree = "<group>"; };
		C741341125E7DBDC00F46132 /* String+Ext.swift */ = {isa = PBXFileReference; fileEncoding = 4; lastKnownFileType = sourcecode.swift; path = "String+Ext.swift"; sourceTree = "<group>"; };
		C741341225E7DBDC00F46132 /* Date+Ext.swift */ = {isa = PBXFileReference; fileEncoding = 4; lastKnownFileType = sourcecode.swift; path = "Date+Ext.swift"; sourceTree = "<group>"; };
		C741341325E7DBDC00F46132 /* UITableView+Ext.swift */ = {isa = PBXFileReference; fileEncoding = 4; lastKnownFileType = sourcecode.swift; path = "UITableView+Ext.swift"; sourceTree = "<group>"; };
		C741341425E7DBDC00F46132 /* TimeInterval+Ext.swift */ = {isa = PBXFileReference; fileEncoding = 4; lastKnownFileType = sourcecode.swift; path = "TimeInterval+Ext.swift"; sourceTree = "<group>"; };
		C741341525E7DBDC00F46132 /* UIStoryboard+Ext.swift */ = {isa = PBXFileReference; fileEncoding = 4; lastKnownFileType = sourcecode.swift; path = "UIStoryboard+Ext.swift"; sourceTree = "<group>"; };
		C741341625E7DBDC00F46132 /* NSObject+Ext.swift */ = {isa = PBXFileReference; fileEncoding = 4; lastKnownFileType = sourcecode.swift; path = "NSObject+Ext.swift"; sourceTree = "<group>"; };
		C741341725E7DBDC00F46132 /* Data+Ext.swift */ = {isa = PBXFileReference; fileEncoding = 4; lastKnownFileType = sourcecode.swift; path = "Data+Ext.swift"; sourceTree = "<group>"; };
		C741342525E7DBF900F46132 /* BaseController.swift */ = {isa = PBXFileReference; fileEncoding = 4; lastKnownFileType = sourcecode.swift; path = BaseController.swift; sourceTree = "<group>"; };
		C741343225E7DCA800F46132 /* EndpointData.swift */ = {isa = PBXFileReference; lastKnownFileType = sourcecode.swift; path = EndpointData.swift; sourceTree = "<group>"; };
		C741343E25E7DCF700F46132 /* Endpoint.swift */ = {isa = PBXFileReference; lastKnownFileType = sourcecode.swift; path = Endpoint.swift; sourceTree = "<group>"; };
		C741344625E7DD5300F46132 /* APIService.swift */ = {isa = PBXFileReference; lastKnownFileType = sourcecode.swift; path = APIService.swift; sourceTree = "<group>"; };
		C741345225E7DD6F00F46132 /* CDManage.swift */ = {isa = PBXFileReference; lastKnownFileType = sourcecode.swift; path = CDManage.swift; sourceTree = "<group>"; };
		C741345A25E7DD9C00F46132 /* Logger.swift */ = {isa = PBXFileReference; fileEncoding = 4; lastKnownFileType = sourcecode.swift; path = Logger.swift; sourceTree = "<group>"; };
		C741346125E7DDC000F46132 /* ModuleInfo.swift */ = {isa = PBXFileReference; lastKnownFileType = sourcecode.swift; path = ModuleInfo.swift; sourceTree = "<group>"; };
		C7E639F525E7D8D800797CA7 /* APIEndpoint.app */ = {isa = PBXFileReference; explicitFileType = wrapper.application; includeInIndex = 0; path = APIEndpoint.app; sourceTree = BUILT_PRODUCTS_DIR; };
		C7E639F825E7D8D800797CA7 /* AppDelegate.swift */ = {isa = PBXFileReference; lastKnownFileType = sourcecode.swift; path = AppDelegate.swift; sourceTree = "<group>"; };
		C7E639FA25E7D8D800797CA7 /* SceneDelegate.swift */ = {isa = PBXFileReference; lastKnownFileType = sourcecode.swift; path = SceneDelegate.swift; sourceTree = "<group>"; };
		C7E639FC25E7D8D800797CA7 /* ViewController.swift */ = {isa = PBXFileReference; lastKnownFileType = sourcecode.swift; path = ViewController.swift; sourceTree = "<group>"; };
		C7E639FF25E7D8D800797CA7 /* Base */ = {isa = PBXFileReference; lastKnownFileType = file.storyboard; name = Base; path = Base.lproj/Main.storyboard; sourceTree = "<group>"; };
		C7E63A0225E7D8D800797CA7 /* APIEndpoint.xcdatamodel */ = {isa = PBXFileReference; lastKnownFileType = wrapper.xcdatamodel; path = APIEndpoint.xcdatamodel; sourceTree = "<group>"; };
		C7E63A0425E7D8D900797CA7 /* Assets.xcassets */ = {isa = PBXFileReference; lastKnownFileType = folder.assetcatalog; path = Assets.xcassets; sourceTree = "<group>"; };
		C7E63A0725E7D8D900797CA7 /* Base */ = {isa = PBXFileReference; lastKnownFileType = file.storyboard; name = Base; path = Base.lproj/LaunchScreen.storyboard; sourceTree = "<group>"; };
		C7E63A0925E7D8D900797CA7 /* Info.plist */ = {isa = PBXFileReference; lastKnownFileType = text.plist.xml; path = Info.plist; sourceTree = "<group>"; };
		C7E63A0E25E7D8D900797CA7 /* APIEndpointTests.xctest */ = {isa = PBXFileReference; explicitFileType = wrapper.cfbundle; includeInIndex = 0; path = APIEndpointTests.xctest; sourceTree = BUILT_PRODUCTS_DIR; };
		C7E63A1225E7D8D900797CA7 /* APIEndpointTests.swift */ = {isa = PBXFileReference; lastKnownFileType = sourcecode.swift; path = APIEndpointTests.swift; sourceTree = "<group>"; };
		C7E63A1425E7D8D900797CA7 /* Info.plist */ = {isa = PBXFileReference; lastKnownFileType = text.plist.xml; path = Info.plist; sourceTree = "<group>"; };
		C7E63A1925E7D8D900797CA7 /* APIEndpointUITests.xctest */ = {isa = PBXFileReference; explicitFileType = wrapper.cfbundle; includeInIndex = 0; path = APIEndpointUITests.xctest; sourceTree = BUILT_PRODUCTS_DIR; };
		C7E63A1D25E7D8D900797CA7 /* APIEndpointUITests.swift */ = {isa = PBXFileReference; lastKnownFileType = sourcecode.swift; path = APIEndpointUITests.swift; sourceTree = "<group>"; };
		C7E63A1F25E7D8D900797CA7 /* Info.plist */ = {isa = PBXFileReference; lastKnownFileType = text.plist.xml; path = Info.plist; sourceTree = "<group>"; };
/* End PBXFileReference section */

/* Begin PBXFrameworksBuildPhase section */
		C74133B025E7DB3300F46132 /* Frameworks */ = {
			isa = PBXFrameworksBuildPhase;
			buildActionMask = 2147483647;
			files = (
			);
			runOnlyForDeploymentPostprocessing = 0;
		};
		C74133D625E7DB6300F46132 /* Frameworks */ = {
			isa = PBXFrameworksBuildPhase;
			buildActionMask = 2147483647;
			files = (
			);
			runOnlyForDeploymentPostprocessing = 0;
		};
		C74133F525E7DB8600F46132 /* Frameworks */ = {
			isa = PBXFrameworksBuildPhase;
			buildActionMask = 2147483647;
			files = (
			);
			runOnlyForDeploymentPostprocessing = 0;
		};
		C7E639F225E7D8D800797CA7 /* Frameworks */ = {
			isa = PBXFrameworksBuildPhase;
			buildActionMask = 2147483647;
			files = (
				C74133BA25E7DB3300F46132 /* JSQCoreDataKit.framework in Frameworks */,
				C74133E025E7DB6300F46132 /* Repeat.framework in Frameworks */,
				C74133FF25E7DB8600F46132 /* Async.framework in Frameworks */,
			);
			runOnlyForDeploymentPostprocessing = 0;
		};
		C7E63A0B25E7D8D900797CA7 /* Frameworks */ = {
			isa = PBXFrameworksBuildPhase;
			buildActionMask = 2147483647;
			files = (
			);
			runOnlyForDeploymentPostprocessing = 0;
		};
		C7E63A1625E7D8D900797CA7 /* Frameworks */ = {
			isa = PBXFrameworksBuildPhase;
			buildActionMask = 2147483647;
			files = (
			);
			runOnlyForDeploymentPostprocessing = 0;
		};
/* End PBXFrameworksBuildPhase section */

/* Begin PBXGroup section */
		C74133B425E7DB3300F46132 /* JSQCoreDataKit */ = {
			isa = PBXGroup;
			children = (
				C74133C925E7DB4A00F46132 /* CoreDataEntityProtocol.swift */,
				C74133C525E7DB4A00F46132 /* CoreDataModel.swift */,
				C74133C425E7DB4A00F46132 /* CoreDataStack.swift */,
				C74133C625E7DB4A00F46132 /* CoreDataStackProvider.swift */,
				C74133C325E7DB4A00F46132 /* Migrate.swift */,
				C74133C825E7DB4A00F46132 /* NSManagedObjectContext+Extensions.swift */,
				C74133C725E7DB4A00F46132 /* StoreType.swift */,
				C74133B525E7DB3300F46132 /* JSQCoreDataKit.h */,
				C74133B625E7DB3300F46132 /* Info.plist */,
			);
			path = JSQCoreDataKit;
			sourceTree = "<group>";
		};
		C74133DA25E7DB6300F46132 /* Repeat */ = {
			isa = PBXGroup;
			children = (
				C74133EB25E7DB7500F46132 /* Debouncer.swift */,
				C74133E925E7DB7500F46132 /* Repeater.swift */,
				C74133EA25E7DB7500F46132 /* Throttler.swift */,
				C74133DB25E7DB6300F46132 /* Repeat.h */,
				C74133DC25E7DB6300F46132 /* Info.plist */,
			);
			path = Repeat;
			sourceTree = "<group>";
		};
		C74133F925E7DB8600F46132 /* Async */ = {
			isa = PBXGroup;
			children = (
				C741340925E7DB9100F46132 /* Async.swift */,
				C74133FA25E7DB8600F46132 /* Async.h */,
				C74133FB25E7DB8600F46132 /* Info.plist */,
			);
			path = Async;
			sourceTree = "<group>";
		};
		C741341025E7DBCC00F46132 /* Extensions */ = {
			isa = PBXGroup;
			children = (
				C741341725E7DBDC00F46132 /* Data+Ext.swift */,
				C741341225E7DBDC00F46132 /* Date+Ext.swift */,
				C741341625E7DBDC00F46132 /* NSObject+Ext.swift */,
				C741341125E7DBDC00F46132 /* String+Ext.swift */,
				C741341425E7DBDC00F46132 /* TimeInterval+Ext.swift */,
				C741341525E7DBDC00F46132 /* UIStoryboard+Ext.swift */,
				C741341325E7DBDC00F46132 /* UITableView+Ext.swift */,
			);
			path = Extensions;
			sourceTree = "<group>";
		};
		C741342425E7DBF000F46132 /* Base */ = {
			isa = PBXGroup;
			children = (
				C741342525E7DBF900F46132 /* BaseController.swift */,
			);
			path = Base;
			sourceTree = "<group>";
		};
		C741343125E7DC7E00F46132 /* CoreData */ = {
			isa = PBXGroup;
			children = (
				C7E63A0125E7D8D800797CA7 /* APIEndpoint.xcdatamodeld */,
				C741343225E7DCA800F46132 /* EndpointData.swift */,
				C741346125E7DDC000F46132 /* ModuleInfo.swift */,
			);
			path = CoreData;
			sourceTree = "<group>";
		};
		C741344525E7DD4700F46132 /* Service */ = {
			isa = PBXGroup;
			children = (
				C741344625E7DD5300F46132 /* APIService.swift */,
				C741345225E7DD6F00F46132 /* CDManage.swift */,
			);
			path = Service;
			sourceTree = "<group>";
		};
		C741345925E7DD8D00F46132 /* Utility */ = {
			isa = PBXGroup;
			children = (
				C741345A25E7DD9C00F46132 /* Logger.swift */,
			);
			path = Utility;
			sourceTree = "<group>";
		};
		C741346825E7DF3E00F46132 /* Model */ = {
			isa = PBXGroup;
			children = (
				C741343E25E7DCF700F46132 /* Endpoint.swift */,
			);
			path = Model;
			sourceTree = "<group>";
		};
		C7E639EC25E7D8D800797CA7 = {
			isa = PBXGroup;
			children = (
				C7E639F725E7D8D800797CA7 /* APIEndpoint */,
				C7E63A1125E7D8D900797CA7 /* APIEndpointTests */,
				C7E63A1C25E7D8D900797CA7 /* APIEndpointUITests */,
				C74133B425E7DB3300F46132 /* JSQCoreDataKit */,
				C74133DA25E7DB6300F46132 /* Repeat */,
				C74133F925E7DB8600F46132 /* Async */,
				C7E639F625E7D8D800797CA7 /* Products */,
			);
			sourceTree = "<group>";
		};
		C7E639F625E7D8D800797CA7 /* Products */ = {
			isa = PBXGroup;
			children = (
				C7E639F525E7D8D800797CA7 /* APIEndpoint.app */,
				C7E63A0E25E7D8D900797CA7 /* APIEndpointTests.xctest */,
				C7E63A1925E7D8D900797CA7 /* APIEndpointUITests.xctest */,
				C74133B325E7DB3300F46132 /* JSQCoreDataKit.framework */,
				C74133D925E7DB6300F46132 /* Repeat.framework */,
				C74133F825E7DB8600F46132 /* Async.framework */,
			);
			name = Products;
			sourceTree = "<group>";
		};
		C7E639F725E7D8D800797CA7 /* APIEndpoint */ = {
			isa = PBXGroup;
			children = (
				C741344525E7DD4700F46132 /* Service */,
				C741342425E7DBF000F46132 /* Base */,
				C741341025E7DBCC00F46132 /* Extensions */,
				C7E639F825E7D8D800797CA7 /* AppDelegate.swift */,
				C7E639FA25E7D8D800797CA7 /* SceneDelegate.swift */,
				C7E639FC25E7D8D800797CA7 /* ViewController.swift */,
				C7E639FE25E7D8D800797CA7 /* Main.storyboard */,
				C7E63A0425E7D8D900797CA7 /* Assets.xcassets */,
				C7E63A0625E7D8D900797CA7 /* LaunchScreen.storyboard */,
				C7E63A0925E7D8D900797CA7 /* Info.plist */,
				C741345925E7DD8D00F46132 /* Utility */,
				C741343125E7DC7E00F46132 /* CoreData */,
				C741346825E7DF3E00F46132 /* Model */,
			);
			path = APIEndpoint;
			sourceTree = "<group>";
		};
		C7E63A1125E7D8D900797CA7 /* APIEndpointTests */ = {
			isa = PBXGroup;
			children = (
				C7E63A1225E7D8D900797CA7 /* APIEndpointTests.swift */,
				C7E63A1425E7D8D900797CA7 /* Info.plist */,
			);
			path = APIEndpointTests;
			sourceTree = "<group>";
		};
		C7E63A1C25E7D8D900797CA7 /* APIEndpointUITests */ = {
			isa = PBXGroup;
			children = (
				C7E63A1D25E7D8D900797CA7 /* APIEndpointUITests.swift */,
				C7E63A1F25E7D8D900797CA7 /* Info.plist */,
			);
			path = APIEndpointUITests;
			sourceTree = "<group>";
		};
/* End PBXGroup section */

/* Begin PBXHeadersBuildPhase section */
		C74133AE25E7DB3300F46132 /* Headers */ = {
			isa = PBXHeadersBuildPhase;
			buildActionMask = 2147483647;
			files = (
				C74133B725E7DB3300F46132 /* JSQCoreDataKit.h in Headers */,
			);
			runOnlyForDeploymentPostprocessing = 0;
		};
		C74133D425E7DB6300F46132 /* Headers */ = {
			isa = PBXHeadersBuildPhase;
			buildActionMask = 2147483647;
			files = (
				C74133DD25E7DB6300F46132 /* Repeat.h in Headers */,
			);
			runOnlyForDeploymentPostprocessing = 0;
		};
		C74133F325E7DB8600F46132 /* Headers */ = {
			isa = PBXHeadersBuildPhase;
			buildActionMask = 2147483647;
			files = (
				C74133FC25E7DB8600F46132 /* Async.h in Headers */,
			);
			runOnlyForDeploymentPostprocessing = 0;
		};
/* End PBXHeadersBuildPhase section */

/* Begin PBXNativeTarget section */
		C74133B225E7DB3300F46132 /* JSQCoreDataKit */ = {
			isa = PBXNativeTarget;
			buildConfigurationList = C74133BF25E7DB3300F46132 /* Build configuration list for PBXNativeTarget "JSQCoreDataKit" */;
			buildPhases = (
				C74133AE25E7DB3300F46132 /* Headers */,
				C74133AF25E7DB3300F46132 /* Sources */,
				C74133B025E7DB3300F46132 /* Frameworks */,
				C74133B125E7DB3300F46132 /* Resources */,
			);
			buildRules = (
			);
			dependencies = (
			);
			name = JSQCoreDataKit;
			productName = JSQCoreDataKit;
			productReference = C74133B325E7DB3300F46132 /* JSQCoreDataKit.framework */;
			productType = "com.apple.product-type.framework";
		};
		C74133D825E7DB6300F46132 /* Repeat */ = {
			isa = PBXNativeTarget;
			buildConfigurationList = C74133E225E7DB6300F46132 /* Build configuration list for PBXNativeTarget "Repeat" */;
			buildPhases = (
				C74133D425E7DB6300F46132 /* Headers */,
				C74133D525E7DB6300F46132 /* Sources */,
				C74133D625E7DB6300F46132 /* Frameworks */,
				C74133D725E7DB6300F46132 /* Resources */,
			);
			buildRules = (
			);
			dependencies = (
			);
			name = Repeat;
			productName = Repeat;
			productReference = C74133D925E7DB6300F46132 /* Repeat.framework */;
			productType = "com.apple.product-type.framework";
		};
		C74133F725E7DB8600F46132 /* Async */ = {
			isa = PBXNativeTarget;
			buildConfigurationList = C741340125E7DB8600F46132 /* Build configuration list for PBXNativeTarget "Async" */;
			buildPhases = (
				C74133F325E7DB8600F46132 /* Headers */,
				C74133F425E7DB8600F46132 /* Sources */,
				C74133F525E7DB8600F46132 /* Frameworks */,
				C74133F625E7DB8600F46132 /* Resources */,
			);
			buildRules = (
			);
			dependencies = (
			);
			name = Async;
			productName = Async;
			productReference = C74133F825E7DB8600F46132 /* Async.framework */;
			productType = "com.apple.product-type.framework";
		};
		C7E639F425E7D8D800797CA7 /* APIEndpoint */ = {
			isa = PBXNativeTarget;
			buildConfigurationList = C7E63A2225E7D8D900797CA7 /* Build configuration list for PBXNativeTarget "APIEndpoint" */;
			buildPhases = (
				C7E639F125E7D8D800797CA7 /* Sources */,
				C7E639F225E7D8D800797CA7 /* Frameworks */,
				C7E639F325E7D8D800797CA7 /* Resources */,
				C74133BC25E7DB3300F46132 /* Embed Frameworks */,
			);
			buildRules = (
			);
			dependencies = (
				C74133B925E7DB3300F46132 /* PBXTargetDependency */,
				C74133DF25E7DB6300F46132 /* PBXTargetDependency */,
				C74133FE25E7DB8600F46132 /* PBXTargetDependency */,
			);
			name = APIEndpoint;
			productName = APIEndpoint;
			productReference = C7E639F525E7D8D800797CA7 /* APIEndpoint.app */;
			productType = "com.apple.product-type.application";
		};
		C7E63A0D25E7D8D900797CA7 /* APIEndpointTests */ = {
			isa = PBXNativeTarget;
			buildConfigurationList = C7E63A2525E7D8D900797CA7 /* Build configuration list for PBXNativeTarget "APIEndpointTests" */;
			buildPhases = (
				C7E63A0A25E7D8D900797CA7 /* Sources */,
				C7E63A0B25E7D8D900797CA7 /* Frameworks */,
				C7E63A0C25E7D8D900797CA7 /* Resources */,
			);
			buildRules = (
			);
			dependencies = (
				C7E63A1025E7D8D900797CA7 /* PBXTargetDependency */,
			);
			name = APIEndpointTests;
			productName = APIEndpointTests;
			productReference = C7E63A0E25E7D8D900797CA7 /* APIEndpointTests.xctest */;
			productType = "com.apple.product-type.bundle.unit-test";
		};
		C7E63A1825E7D8D900797CA7 /* APIEndpointUITests */ = {
			isa = PBXNativeTarget;
			buildConfigurationList = C7E63A2825E7D8D900797CA7 /* Build configuration list for PBXNativeTarget "APIEndpointUITests" */;
			buildPhases = (
				C7E63A1525E7D8D900797CA7 /* Sources */,
				C7E63A1625E7D8D900797CA7 /* Frameworks */,
				C7E63A1725E7D8D900797CA7 /* Resources */,
			);
			buildRules = (
			);
			dependencies = (
				C7E63A1B25E7D8D900797CA7 /* PBXTargetDependency */,
			);
			name = APIEndpointUITests;
			productName = APIEndpointUITests;
			productReference = C7E63A1925E7D8D900797CA7 /* APIEndpointUITests.xctest */;
			productType = "com.apple.product-type.bundle.ui-testing";
		};
/* End PBXNativeTarget section */

/* Begin PBXProject section */
		C7E639ED25E7D8D800797CA7 /* Project object */ = {
			isa = PBXProject;
			attributes = {
				LastSwiftUpdateCheck = 1240;
				LastUpgradeCheck = 1240;
				TargetAttributes = {
					C74133B225E7DB3300F46132 = {
						CreatedOnToolsVersion = 12.4;
						LastSwiftMigration = 1240;
					};
					C74133D825E7DB6300F46132 = {
						CreatedOnToolsVersion = 12.4;
						LastSwiftMigration = 1240;
					};
					C74133F725E7DB8600F46132 = {
						CreatedOnToolsVersion = 12.4;
						LastSwiftMigration = 1240;
					};
					C7E639F425E7D8D800797CA7 = {
						CreatedOnToolsVersion = 12.4;
					};
					C7E63A0D25E7D8D900797CA7 = {
						CreatedOnToolsVersion = 12.4;
						TestTargetID = C7E639F425E7D8D800797CA7;
					};
					C7E63A1825E7D8D900797CA7 = {
						CreatedOnToolsVersion = 12.4;
						TestTargetID = C7E639F425E7D8D800797CA7;
					};
				};
			};
			buildConfigurationList = C7E639F025E7D8D800797CA7 /* Build configuration list for PBXProject "APIEndpoint" */;
			compatibilityVersion = "Xcode 9.3";
			developmentRegion = en;
			hasScannedForEncodings = 0;
			knownRegions = (
				en,
				Base,
			);
			mainGroup = C7E639EC25E7D8D800797CA7;
			productRefGroup = C7E639F625E7D8D800797CA7 /* Products */;
			projectDirPath = "";
			projectRoot = "";
			targets = (
				C7E639F425E7D8D800797CA7 /* APIEndpoint */,
				C7E63A0D25E7D8D900797CA7 /* APIEndpointTests */,
				C7E63A1825E7D8D900797CA7 /* APIEndpointUITests */,
				C74133B225E7DB3300F46132 /* JSQCoreDataKit */,
				C74133D825E7DB6300F46132 /* Repeat */,
				C74133F725E7DB8600F46132 /* Async */,
			);
		};
/* End PBXProject section */

/* Begin PBXResourcesBuildPhase section */
		C74133B125E7DB3300F46132 /* Resources */ = {
			isa = PBXResourcesBuildPhase;
			buildActionMask = 2147483647;
			files = (
			);
			runOnlyForDeploymentPostprocessing = 0;
		};
		C74133D725E7DB6300F46132 /* Resources */ = {
			isa = PBXResourcesBuildPhase;
			buildActionMask = 2147483647;
			files = (
			);
			runOnlyForDeploymentPostprocessing = 0;
		};
		C74133F625E7DB8600F46132 /* Resources */ = {
			isa = PBXResourcesBuildPhase;
			buildActionMask = 2147483647;
			files = (
			);
			runOnlyForDeploymentPostprocessing = 0;
		};
		C7E639F325E7D8D800797CA7 /* Resources */ = {
			isa = PBXResourcesBuildPhase;
			buildActionMask = 2147483647;
			files = (
				C7E63A0825E7D8D900797CA7 /* LaunchScreen.storyboard in Resources */,
				C7E63A0525E7D8D900797CA7 /* Assets.xcassets in Resources */,
				C7E63A0025E7D8D800797CA7 /* Main.storyboard in Resources */,
			);
			runOnlyForDeploymentPostprocessing = 0;
		};
		C7E63A0C25E7D8D900797CA7 /* Resources */ = {
			isa = PBXResourcesBuildPhase;
			buildActionMask = 2147483647;
			files = (
			);
			runOnlyForDeploymentPostprocessing = 0;
		};
		C7E63A1725E7D8D900797CA7 /* Resources */ = {
			isa = PBXResourcesBuildPhase;
			buildActionMask = 2147483647;
			files = (
			);
			runOnlyForDeploymentPostprocessing = 0;
		};
/* End PBXResourcesBuildPhase section */

/* Begin PBXSourcesBuildPhase section */
		C74133AF25E7DB3300F46132 /* Sources */ = {
			isa = PBXSourcesBuildPhase;
			buildActionMask = 2147483647;
			files = (
				C74133CE25E7DB4A00F46132 /* StoreType.swift in Sources */,
				C74133CC25E7DB4A00F46132 /* CoreDataModel.swift in Sources */,
				C74133D025E7DB4A00F46132 /* CoreDataEntityProtocol.swift in Sources */,
				C74133CA25E7DB4A00F46132 /* Migrate.swift in Sources */,
				C74133CD25E7DB4A00F46132 /* CoreDataStackProvider.swift in Sources */,
				C74133CB25E7DB4A00F46132 /* CoreDataStack.swift in Sources */,
				C74133CF25E7DB4A00F46132 /* NSManagedObjectContext+Extensions.swift in Sources */,
			);
			runOnlyForDeploymentPostprocessing = 0;
		};
		C74133D525E7DB6300F46132 /* Sources */ = {
			isa = PBXSourcesBuildPhase;
			buildActionMask = 2147483647;
			files = (
				C74133ED25E7DB7500F46132 /* Throttler.swift in Sources */,
				C74133EC25E7DB7500F46132 /* Repeater.swift in Sources */,
				C74133EE25E7DB7500F46132 /* Debouncer.swift in Sources */,
			);
			runOnlyForDeploymentPostprocessing = 0;
		};
		C74133F425E7DB8600F46132 /* Sources */ = {
			isa = PBXSourcesBuildPhase;
			buildActionMask = 2147483647;
			files = (
				C741340A25E7DB9100F46132 /* Async.swift in Sources */,
			);
			runOnlyForDeploymentPostprocessing = 0;
		};
		C7E639F125E7D8D800797CA7 /* Sources */ = {
			isa = PBXSourcesBuildPhase;
			buildActionMask = 2147483647;
			files = (
				C741343F25E7DCF700F46132 /* Endpoint.swift in Sources */,
				C741344725E7DD5300F46132 /* APIService.swift in Sources */,
				C741341E25E7DBDC00F46132 /* Data+Ext.swift in Sources */,
				C741346225E7DDC000F46132 /* ModuleInfo.swift in Sources */,
				C7E639FD25E7D8D800797CA7 /* ViewController.swift in Sources */,
				C741341D25E7DBDC00F46132 /* NSObject+Ext.swift in Sources */,
				C741341B25E7DBDC00F46132 /* TimeInterval+Ext.swift in Sources */,
				C7E639F925E7D8D800797CA7 /* AppDelegate.swift in Sources */,
				C7E639FB25E7D8D800797CA7 /* SceneDelegate.swift in Sources */,
				C741345B25E7DD9C00F46132 /* Logger.swift in Sources */,
				C741343325E7DCA800F46132 /* EndpointData.swift in Sources */,
				C741345325E7DD6F00F46132 /* CDManage.swift in Sources */,
				C741341925E7DBDC00F46132 /* Date+Ext.swift in Sources */,
				C741341C25E7DBDC00F46132 /* UIStoryboard+Ext.swift in Sources */,
				C741341A25E7DBDC00F46132 /* UITableView+Ext.swift in Sources */,
				C741341825E7DBDC00F46132 /* String+Ext.swift in Sources */,
				C741342625E7DBF900F46132 /* BaseController.swift in Sources */,
				C7E63A0325E7D8D800797CA7 /* APIEndpoint.xcdatamodeld in Sources */,
			);
			runOnlyForDeploymentPostprocessing = 0;
		};
		C7E63A0A25E7D8D900797CA7 /* Sources */ = {
			isa = PBXSourcesBuildPhase;
			buildActionMask = 2147483647;
			files = (
				C7E63A1325E7D8D900797CA7 /* APIEndpointTests.swift in Sources */,
			);
			runOnlyForDeploymentPostprocessing = 0;
		};
		C7E63A1525E7D8D900797CA7 /* Sources */ = {
			isa = PBXSourcesBuildPhase;
			buildActionMask = 2147483647;
			files = (
				C7E63A1E25E7D8D900797CA7 /* APIEndpointUITests.swift in Sources */,
			);
			runOnlyForDeploymentPostprocessing = 0;
		};
/* End PBXSourcesBuildPhase section */

/* Begin PBXTargetDependency section */
		C74133B925E7DB3300F46132 /* PBXTargetDependency */ = {
			isa = PBXTargetDependency;
			target = C74133B225E7DB3300F46132 /* JSQCoreDataKit */;
			targetProxy = C74133B825E7DB3300F46132 /* PBXContainerItemProxy */;
		};
		C74133DF25E7DB6300F46132 /* PBXTargetDependency */ = {
			isa = PBXTargetDependency;
			target = C74133D825E7DB6300F46132 /* Repeat */;
			targetProxy = C74133DE25E7DB6300F46132 /* PBXContainerItemProxy */;
		};
		C74133FE25E7DB8600F46132 /* PBXTargetDependency */ = {
			isa = PBXTargetDependency;
			target = C74133F725E7DB8600F46132 /* Async */;
			targetProxy = C74133FD25E7DB8600F46132 /* PBXContainerItemProxy */;
		};
		C7E63A1025E7D8D900797CA7 /* PBXTargetDependency */ = {
			isa = PBXTargetDependency;
			target = C7E639F425E7D8D800797CA7 /* APIEndpoint */;
			targetProxy = C7E63A0F25E7D8D900797CA7 /* PBXContainerItemProxy */;
		};
		C7E63A1B25E7D8D900797CA7 /* PBXTargetDependency */ = {
			isa = PBXTargetDependency;
			target = C7E639F425E7D8D800797CA7 /* APIEndpoint */;
			targetProxy = C7E63A1A25E7D8D900797CA7 /* PBXContainerItemProxy */;
		};
/* End PBXTargetDependency section */

/* Begin PBXVariantGroup section */
		C7E639FE25E7D8D800797CA7 /* Main.storyboard */ = {
			isa = PBXVariantGroup;
			children = (
				C7E639FF25E7D8D800797CA7 /* Base */,
			);
			name = Main.storyboard;
			sourceTree = "<group>";
		};
		C7E63A0625E7D8D900797CA7 /* LaunchScreen.storyboard */ = {
			isa = PBXVariantGroup;
			children = (
				C7E63A0725E7D8D900797CA7 /* Base */,
			);
			name = LaunchScreen.storyboard;
			sourceTree = "<group>";
		};
/* End PBXVariantGroup section */

/* Begin XCBuildConfiguration section */
		C74133BD25E7DB3300F46132 /* Debug */ = {
			isa = XCBuildConfiguration;
			buildSettings = {
				CLANG_ENABLE_MODULES = YES;
				CODE_SIGN_STYLE = Automatic;
				CURRENT_PROJECT_VERSION = 1;
				DEFINES_MODULE = YES;
				DYLIB_COMPATIBILITY_VERSION = 1;
				DYLIB_CURRENT_VERSION = 1;
				DYLIB_INSTALL_NAME_BASE = "@rpath";
				INFOPLIST_FILE = JSQCoreDataKit/Info.plist;
				INSTALL_PATH = "$(LOCAL_LIBRARY_DIR)/Frameworks";
				LD_RUNPATH_SEARCH_PATHS = (
					"$(inherited)",
					"@executable_path/Frameworks",
					"@loader_path/Frameworks",
				);
				PRODUCT_BUNDLE_IDENTIFIER = com.happy.JSQCoreDataKit;
				PRODUCT_NAME = "$(TARGET_NAME:c99extidentifier)";
				SKIP_INSTALL = YES;
				SWIFT_OPTIMIZATION_LEVEL = "-Onone";
				SWIFT_VERSION = 5.0;
				TARGETED_DEVICE_FAMILY = "1,2";
				VERSIONING_SYSTEM = "apple-generic";
				VERSION_INFO_PREFIX = "";
			};
			name = Debug;
		};
		C74133BE25E7DB3300F46132 /* Release */ = {
			isa = XCBuildConfiguration;
			buildSettings = {
				CLANG_ENABLE_MODULES = YES;
				CODE_SIGN_STYLE = Automatic;
				CURRENT_PROJECT_VERSION = 1;
				DEFINES_MODULE = YES;
				DYLIB_COMPATIBILITY_VERSION = 1;
				DYLIB_CURRENT_VERSION = 1;
				DYLIB_INSTALL_NAME_BASE = "@rpath";
				INFOPLIST_FILE = JSQCoreDataKit/Info.plist;
				INSTALL_PATH = "$(LOCAL_LIBRARY_DIR)/Frameworks";
				LD_RUNPATH_SEARCH_PATHS = (
					"$(inherited)",
					"@executable_path/Frameworks",
					"@loader_path/Frameworks",
				);
				PRODUCT_BUNDLE_IDENTIFIER = com.happy.JSQCoreDataKit;
				PRODUCT_NAME = "$(TARGET_NAME:c99extidentifier)";
				SKIP_INSTALL = YES;
				SWIFT_VERSION = 5.0;
				TARGETED_DEVICE_FAMILY = "1,2";
				VERSIONING_SYSTEM = "apple-generic";
				VERSION_INFO_PREFIX = "";
			};
			name = Release;
		};
		C74133E325E7DB6300F46132 /* Debug */ = {
			isa = XCBuildConfiguration;
			buildSettings = {
				CLANG_ENABLE_MODULES = YES;
				CODE_SIGN_STYLE = Automatic;
				CURRENT_PROJECT_VERSION = 1;
				DEFINES_MODULE = YES;
				DYLIB_COMPATIBILITY_VERSION = 1;
				DYLIB_CURRENT_VERSION = 1;
				DYLIB_INSTALL_NAME_BASE = "@rpath";
				INFOPLIST_FILE = Repeat/Info.plist;
				INSTALL_PATH = "$(LOCAL_LIBRARY_DIR)/Frameworks";
				LD_RUNPATH_SEARCH_PATHS = (
					"$(inherited)",
					"@executable_path/Frameworks",
					"@loader_path/Frameworks",
				);
				PRODUCT_BUNDLE_IDENTIFIER = com.happy.Repeat;
				PRODUCT_NAME = "$(TARGET_NAME:c99extidentifier)";
				SKIP_INSTALL = YES;
				SWIFT_OPTIMIZATION_LEVEL = "-Onone";
				SWIFT_VERSION = 5.0;
				TARGETED_DEVICE_FAMILY = "1,2";
				VERSIONING_SYSTEM = "apple-generic";
				VERSION_INFO_PREFIX = "";
			};
			name = Debug;
		};
		C74133E425E7DB6300F46132 /* Release */ = {
			isa = XCBuildConfiguration;
			buildSettings = {
				CLANG_ENABLE_MODULES = YES;
				CODE_SIGN_STYLE = Automatic;
				CURRENT_PROJECT_VERSION = 1;
				DEFINES_MODULE = YES;
				DYLIB_COMPATIBILITY_VERSION = 1;
				DYLIB_CURRENT_VERSION = 1;
				DYLIB_INSTALL_NAME_BASE = "@rpath";
				INFOPLIST_FILE = Repeat/Info.plist;
				INSTALL_PATH = "$(LOCAL_LIBRARY_DIR)/Frameworks";
				LD_RUNPATH_SEARCH_PATHS = (
					"$(inherited)",
					"@executable_path/Frameworks",
					"@loader_path/Frameworks",
				);
				PRODUCT_BUNDLE_IDENTIFIER = com.happy.Repeat;
				PRODUCT_NAME = "$(TARGET_NAME:c99extidentifier)";
				SKIP_INSTALL = YES;
				SWIFT_VERSION = 5.0;
				TARGETED_DEVICE_FAMILY = "1,2";
				VERSIONING_SYSTEM = "apple-generic";
				VERSION_INFO_PREFIX = "";
			};
			name = Release;
		};
		C741340225E7DB8600F46132 /* Debug */ = {
			isa = XCBuildConfiguration;
			buildSettings = {
				CLANG_ENABLE_MODULES = YES;
				CODE_SIGN_STYLE = Automatic;
				CURRENT_PROJECT_VERSION = 1;
				DEFINES_MODULE = YES;
				DYLIB_COMPATIBILITY_VERSION = 1;
				DYLIB_CURRENT_VERSION = 1;
				DYLIB_INSTALL_NAME_BASE = "@rpath";
				INFOPLIST_FILE = Async/Info.plist;
				INSTALL_PATH = "$(LOCAL_LIBRARY_DIR)/Frameworks";
				LD_RUNPATH_SEARCH_PATHS = (
					"$(inherited)",
					"@executable_path/Frameworks",
					"@loader_path/Frameworks",
				);
				PRODUCT_BUNDLE_IDENTIFIER = com.happy.Async;
				PRODUCT_NAME = "$(TARGET_NAME:c99extidentifier)";
				SKIP_INSTALL = YES;
				SWIFT_OPTIMIZATION_LEVEL = "-Onone";
				SWIFT_VERSION = 5.0;
				TARGETED_DEVICE_FAMILY = "1,2";
				VERSIONING_SYSTEM = "apple-generic";
				VERSION_INFO_PREFIX = "";
			};
			name = Debug;
		};
		C741340325E7DB8600F46132 /* Release */ = {
			isa = XCBuildConfiguration;
			buildSettings = {
				CLANG_ENABLE_MODULES = YES;
				CODE_SIGN_STYLE = Automatic;
				CURRENT_PROJECT_VERSION = 1;
				DEFINES_MODULE = YES;
				DYLIB_COMPATIBILITY_VERSION = 1;
				DYLIB_CURRENT_VERSION = 1;
				DYLIB_INSTALL_NAME_BASE = "@rpath";
				INFOPLIST_FILE = Async/Info.plist;
				INSTALL_PATH = "$(LOCAL_LIBRARY_DIR)/Frameworks";
				LD_RUNPATH_SEARCH_PATHS = (
					"$(inherited)",
					"@executable_path/Frameworks",
					"@loader_path/Frameworks",
				);
				PRODUCT_BUNDLE_IDENTIFIER = com.happy.Async;
				PRODUCT_NAME = "$(TARGET_NAME:c99extidentifier)";
				SKIP_INSTALL = YES;
				SWIFT_VERSION = 5.0;
				TARGETED_DEVICE_FAMILY = "1,2";
				VERSIONING_SYSTEM = "apple-generic";
				VERSION_INFO_PREFIX = "";
			};
			name = Release;
		};
		C7E63A2025E7D8D900797CA7 /* Debug */ = {
			isa = XCBuildConfiguration;
			buildSettings = {
				ALWAYS_SEARCH_USER_PATHS = NO;
				CLANG_ANALYZER_NONNULL = YES;
				CLANG_ANALYZER_NUMBER_OBJECT_CONVERSION = YES_AGGRESSIVE;
				CLANG_CXX_LANGUAGE_STANDARD = "gnu++14";
				CLANG_CXX_LIBRARY = "libc++";
				CLANG_ENABLE_MODULES = YES;
				CLANG_ENABLE_OBJC_ARC = YES;
				CLANG_ENABLE_OBJC_WEAK = YES;
				CLANG_WARN_BLOCK_CAPTURE_AUTORELEASING = YES;
				CLANG_WARN_BOOL_CONVERSION = YES;
				CLANG_WARN_COMMA = YES;
				CLANG_WARN_CONSTANT_CONVERSION = YES;
				CLANG_WARN_DEPRECATED_OBJC_IMPLEMENTATIONS = YES;
				CLANG_WARN_DIRECT_OBJC_ISA_USAGE = YES_ERROR;
				CLANG_WARN_DOCUMENTATION_COMMENTS = YES;
				CLANG_WARN_EMPTY_BODY = YES;
				CLANG_WARN_ENUM_CONVERSION = YES;
				CLANG_WARN_INFINITE_RECURSION = YES;
				CLANG_WARN_INT_CONVERSION = YES;
				CLANG_WARN_NON_LITERAL_NULL_CONVERSION = YES;
				CLANG_WARN_OBJC_IMPLICIT_RETAIN_SELF = YES;
				CLANG_WARN_OBJC_LITERAL_CONVERSION = YES;
				CLANG_WARN_OBJC_ROOT_CLASS = YES_ERROR;
				CLANG_WARN_QUOTED_INCLUDE_IN_FRAMEWORK_HEADER = YES;
				CLANG_WARN_RANGE_LOOP_ANALYSIS = YES;
				CLANG_WARN_STRICT_PROTOTYPES = YES;
				CLANG_WARN_SUSPICIOUS_MOVE = YES;
				CLANG_WARN_UNGUARDED_AVAILABILITY = YES_AGGRESSIVE;
				CLANG_WARN_UNREACHABLE_CODE = YES;
				CLANG_WARN__DUPLICATE_METHOD_MATCH = YES;
				COPY_PHASE_STRIP = NO;
				DEBUG_INFORMATION_FORMAT = dwarf;
				ENABLE_STRICT_OBJC_MSGSEND = YES;
				ENABLE_TESTABILITY = YES;
				GCC_C_LANGUAGE_STANDARD = gnu11;
				GCC_DYNAMIC_NO_PIC = NO;
				GCC_NO_COMMON_BLOCKS = YES;
				GCC_OPTIMIZATION_LEVEL = 0;
				GCC_PREPROCESSOR_DEFINITIONS = (
					"DEBUG=1",
					"$(inherited)",
				);
				GCC_WARN_64_TO_32_BIT_CONVERSION = YES;
				GCC_WARN_ABOUT_RETURN_TYPE = YES_ERROR;
				GCC_WARN_UNDECLARED_SELECTOR = YES;
				GCC_WARN_UNINITIALIZED_AUTOS = YES_AGGRESSIVE;
				GCC_WARN_UNUSED_FUNCTION = YES;
				GCC_WARN_UNUSED_VARIABLE = YES;
				IPHONEOS_DEPLOYMENT_TARGET = 14.4;
				MTL_ENABLE_DEBUG_INFO = INCLUDE_SOURCE;
				MTL_FAST_MATH = YES;
				ONLY_ACTIVE_ARCH = YES;
				SDKROOT = iphoneos;
				SWIFT_ACTIVE_COMPILATION_CONDITIONS = DEBUG;
				SWIFT_OPTIMIZATION_LEVEL = "-Onone";
			};
			name = Debug;
		};
		C7E63A2125E7D8D900797CA7 /* Release */ = {
			isa = XCBuildConfiguration;
			buildSettings = {
				ALWAYS_SEARCH_USER_PATHS = NO;
				CLANG_ANALYZER_NONNULL = YES;
				CLANG_ANALYZER_NUMBER_OBJECT_CONVERSION = YES_AGGRESSIVE;
				CLANG_CXX_LANGUAGE_STANDARD = "gnu++14";
				CLANG_CXX_LIBRARY = "libc++";
				CLANG_ENABLE_MODULES = YES;
				CLANG_ENABLE_OBJC_ARC = YES;
				CLANG_ENABLE_OBJC_WEAK = YES;
				CLANG_WARN_BLOCK_CAPTURE_AUTORELEASING = YES;
				CLANG_WARN_BOOL_CONVERSION = YES;
				CLANG_WARN_COMMA = YES;
				CLANG_WARN_CONSTANT_CONVERSION = YES;
				CLANG_WARN_DEPRECATED_OBJC_IMPLEMENTATIONS = YES;
				CLANG_WARN_DIRECT_OBJC_ISA_USAGE = YES_ERROR;
				CLANG_WARN_DOCUMENTATION_COMMENTS = YES;
				CLANG_WARN_EMPTY_BODY = YES;
				CLANG_WARN_ENUM_CONVERSION = YES;
				CLANG_WARN_INFINITE_RECURSION = YES;
				CLANG_WARN_INT_CONVERSION = YES;
				CLANG_WARN_NON_LITERAL_NULL_CONVERSION = YES;
				CLANG_WARN_OBJC_IMPLICIT_RETAIN_SELF = YES;
				CLANG_WARN_OBJC_LITERAL_CONVERSION = YES;
				CLANG_WARN_OBJC_ROOT_CLASS = YES_ERROR;
				CLANG_WARN_QUOTED_INCLUDE_IN_FRAMEWORK_HEADER = YES;
				CLANG_WARN_RANGE_LOOP_ANALYSIS = YES;
				CLANG_WARN_STRICT_PROTOTYPES = YES;
				CLANG_WARN_SUSPICIOUS_MOVE = YES;
				CLANG_WARN_UNGUARDED_AVAILABILITY = YES_AGGRESSIVE;
				CLANG_WARN_UNREACHABLE_CODE = YES;
				CLANG_WARN__DUPLICATE_METHOD_MATCH = YES;
				COPY_PHASE_STRIP = NO;
				DEBUG_INFORMATION_FORMAT = "dwarf-with-dsym";
				ENABLE_NS_ASSERTIONS = NO;
				ENABLE_STRICT_OBJC_MSGSEND = YES;
				GCC_C_LANGUAGE_STANDARD = gnu11;
				GCC_NO_COMMON_BLOCKS = YES;
				GCC_WARN_64_TO_32_BIT_CONVERSION = YES;
				GCC_WARN_ABOUT_RETURN_TYPE = YES_ERROR;
				GCC_WARN_UNDECLARED_SELECTOR = YES;
				GCC_WARN_UNINITIALIZED_AUTOS = YES_AGGRESSIVE;
				GCC_WARN_UNUSED_FUNCTION = YES;
				GCC_WARN_UNUSED_VARIABLE = YES;
				IPHONEOS_DEPLOYMENT_TARGET = 14.4;
				MTL_ENABLE_DEBUG_INFO = NO;
				MTL_FAST_MATH = YES;
				SDKROOT = iphoneos;
				SWIFT_COMPILATION_MODE = wholemodule;
				SWIFT_OPTIMIZATION_LEVEL = "-O";
				VALIDATE_PRODUCT = YES;
			};
			name = Release;
		};
		C7E63A2325E7D8D900797CA7 /* Debug */ = {
			isa = XCBuildConfiguration;
			buildSettings = {
				ALWAYS_EMBED_SWIFT_STANDARD_LIBRARIES = YES;
				ASSETCATALOG_COMPILER_APPICON_NAME = AppIcon;
				ASSETCATALOG_COMPILER_GLOBAL_ACCENT_COLOR_NAME = AccentColor;
				CODE_SIGN_STYLE = Automatic;
				INFOPLIST_FILE = APIEndpoint/Info.plist;
				LD_RUNPATH_SEARCH_PATHS = (
					"$(inherited)",
					"@executable_path/Frameworks",
				);
				PRODUCT_BUNDLE_IDENTIFIER = com.happy.APIEndpoint;
				PRODUCT_NAME = "$(TARGET_NAME)";
				SWIFT_VERSION = 5.0;
				TARGETED_DEVICE_FAMILY = "1,2";
			};
			name = Debug;
		};
		C7E63A2425E7D8D900797CA7 /* Release */ = {
			isa = XCBuildConfiguration;
			buildSettings = {
				ALWAYS_EMBED_SWIFT_STANDARD_LIBRARIES = YES;
				ASSETCATALOG_COMPILER_APPICON_NAME = AppIcon;
				ASSETCATALOG_COMPILER_GLOBAL_ACCENT_COLOR_NAME = AccentColor;
				CODE_SIGN_STYLE = Automatic;
				INFOPLIST_FILE = APIEndpoint/Info.plist;
				LD_RUNPATH_SEARCH_PATHS = (
					"$(inherited)",
					"@executable_path/Frameworks",
				);
				PRODUCT_BUNDLE_IDENTIFIER = com.happy.APIEndpoint;
				PRODUCT_NAME = "$(TARGET_NAME)";
				SWIFT_VERSION = 5.0;
				TARGETED_DEVICE_FAMILY = "1,2";
			};
			name = Release;
		};
		C7E63A2625E7D8D900797CA7 /* Debug */ = {
			isa = XCBuildConfiguration;
			buildSettings = {
				ALWAYS_EMBED_SWIFT_STANDARD_LIBRARIES = YES;
				BUNDLE_LOADER = "$(TEST_HOST)";
				CODE_SIGN_STYLE = Automatic;
				INFOPLIST_FILE = APIEndpointTests/Info.plist;
				IPHONEOS_DEPLOYMENT_TARGET = 14.4;
				LD_RUNPATH_SEARCH_PATHS = (
					"$(inherited)",
					"@executable_path/Frameworks",
					"@loader_path/Frameworks",
				);
				PRODUCT_BUNDLE_IDENTIFIER = com.happy.APIEndpointTests;
				PRODUCT_NAME = "$(TARGET_NAME)";
				SWIFT_VERSION = 5.0;
				TARGETED_DEVICE_FAMILY = "1,2";
				TEST_HOST = "$(BUILT_PRODUCTS_DIR)/APIEndpoint.app/APIEndpoint";
			};
			name = Debug;
		};
		C7E63A2725E7D8D900797CA7 /* Release */ = {
			isa = XCBuildConfiguration;
			buildSettings = {
				ALWAYS_EMBED_SWIFT_STANDARD_LIBRARIES = YES;
				BUNDLE_LOADER = "$(TEST_HOST)";
				CODE_SIGN_STYLE = Automatic;
				INFOPLIST_FILE = APIEndpointTests/Info.plist;
				IPHONEOS_DEPLOYMENT_TARGET = 14.4;
				LD_RUNPATH_SEARCH_PATHS = (
					"$(inherited)",
					"@executable_path/Frameworks",
					"@loader_path/Frameworks",
				);
				PRODUCT_BUNDLE_IDENTIFIER = com.happy.APIEndpointTests;
				PRODUCT_NAME = "$(TARGET_NAME)";
				SWIFT_VERSION = 5.0;
				TARGETED_DEVICE_FAMILY = "1,2";
				TEST_HOST = "$(BUILT_PRODUCTS_DIR)/APIEndpoint.app/APIEndpoint";
			};
			name = Release;
		};
		C7E63A2925E7D8D900797CA7 /* Debug */ = {
			isa = XCBuildConfiguration;
			buildSettings = {
				ALWAYS_EMBED_SWIFT_STANDARD_LIBRARIES = YES;
				CODE_SIGN_STYLE = Automatic;
				INFOPLIST_FILE = APIEndpointUITests/Info.plist;
				LD_RUNPATH_SEARCH_PATHS = (
					"$(inherited)",
					"@executable_path/Frameworks",
					"@loader_path/Frameworks",
				);
				PRODUCT_BUNDLE_IDENTIFIER = com.happy.APIEndpointUITests;
				PRODUCT_NAME = "$(TARGET_NAME)";
				SWIFT_VERSION = 5.0;
				TARGETED_DEVICE_FAMILY = "1,2";
				TEST_TARGET_NAME = APIEndpoint;
			};
			name = Debug;
		};
		C7E63A2A25E7D8D900797CA7 /* Release */ = {
			isa = XCBuildConfiguration;
			buildSettings = {
				ALWAYS_EMBED_SWIFT_STANDARD_LIBRARIES = YES;
				CODE_SIGN_STYLE = Automatic;
				INFOPLIST_FILE = APIEndpointUITests/Info.plist;
				LD_RUNPATH_SEARCH_PATHS = (
					"$(inherited)",
					"@executable_path/Frameworks",
					"@loader_path/Frameworks",
				);
				PRODUCT_BUNDLE_IDENTIFIER = com.happy.APIEndpointUITests;
				PRODUCT_NAME = "$(TARGET_NAME)";
				SWIFT_VERSION = 5.0;
				TARGETED_DEVICE_FAMILY = "1,2";
				TEST_TARGET_NAME = APIEndpoint;
			};
			name = Release;
		};
/* End XCBuildConfiguration section */

/* Begin XCConfigurationList section */
		C74133BF25E7DB3300F46132 /* Build configuration list for PBXNativeTarget "JSQCoreDataKit" */ = {
			isa = XCConfigurationList;
			buildConfigurations = (
				C74133BD25E7DB3300F46132 /* Debug */,
				C74133BE25E7DB3300F46132 /* Release */,
			);
			defaultConfigurationIsVisible = 0;
			defaultConfigurationName = Release;
		};
		C74133E225E7DB6300F46132 /* Build configuration list for PBXNativeTarget "Repeat" */ = {
			isa = XCConfigurationList;
			buildConfigurations = (
				C74133E325E7DB6300F46132 /* Debug */,
				C74133E425E7DB6300F46132 /* Release */,
			);
			defaultConfigurationIsVisible = 0;
			defaultConfigurationName = Release;
		};
		C741340125E7DB8600F46132 /* Build configuration list for PBXNativeTarget "Async" */ = {
			isa = XCConfigurationList;
			buildConfigurations = (
				C741340225E7DB8600F46132 /* Debug */,
				C741340325E7DB8600F46132 /* Release */,
			);
			defaultConfigurationIsVisible = 0;
			defaultConfigurationName = Release;
		};
		C7E639F025E7D8D800797CA7 /* Build configuration list for PBXProject "APIEndpoint" */ = {
			isa = XCConfigurationList;
			buildConfigurations = (
				C7E63A2025E7D8D900797CA7 /* Debug */,
				C7E63A2125E7D8D900797CA7 /* Release */,
			);
			defaultConfigurationIsVisible = 0;
			defaultConfigurationName = Release;
		};
		C7E63A2225E7D8D900797CA7 /* Build configuration list for PBXNativeTarget "APIEndpoint" */ = {
			isa = XCConfigurationList;
			buildConfigurations = (
				C7E63A2325E7D8D900797CA7 /* Debug */,
				C7E63A2425E7D8D900797CA7 /* Release */,
			);
			defaultConfigurationIsVisible = 0;
			defaultConfigurationName = Release;
		};
		C7E63A2525E7D8D900797CA7 /* Build configuration list for PBXNativeTarget "APIEndpointTests" */ = {
			isa = XCConfigurationList;
			buildConfigurations = (
				C7E63A2625E7D8D900797CA7 /* Debug */,
				C7E63A2725E7D8D900797CA7 /* Release */,
			);
			defaultConfigurationIsVisible = 0;
			defaultConfigurationName = Release;
		};
		C7E63A2825E7D8D900797CA7 /* Build configuration list for PBXNativeTarget "APIEndpointUITests" */ = {
			isa = XCConfigurationList;
			buildConfigurations = (
				C7E63A2925E7D8D900797CA7 /* Debug */,
				C7E63A2A25E7D8D900797CA7 /* Release */,
			);
			defaultConfigurationIsVisible = 0;
			defaultConfigurationName = Release;
		};
/* End XCConfigurationList section */

/* Begin XCVersionGroup section */
		C7E63A0125E7D8D800797CA7 /* APIEndpoint.xcdatamodeld */ = {
			isa = XCVersionGroup;
			children = (
				C7E63A0225E7D8D800797CA7 /* APIEndpoint.xcdatamodel */,
			);
			currentVersion = C7E63A0225E7D8D800797CA7 /* APIEndpoint.xcdatamodel */;
			path = APIEndpoint.xcdatamodeld;
			sourceTree = "<group>";
			versionGroupType = wrapper.xcdatamodel;
		};
/* End XCVersionGroup section */
	};
	rootObject = C7E639ED25E7D8D800797CA7 /* Project object */;
}
